
Microsoft Visual Studio Solution File, Format Version 12.00
# Visual Studio 15
VisualStudioVersion = 15.0.35319.79
MinimumVisualStudioVersion = 10.0.40219.1
Project("{FAE04EC0-301F-11D3-BF4B-00C04F79EFBC}") = "ntphafta3odev9", "ntphafta3odev9\ntphafta3odev9.csproj", "{220CB40D-A38C-4394-AA31-A33AEEB61CF5}"
EndProject
Global
	GlobalSection(SolutionConfigurationPlatforms) = preSolution
		Debug|Any CPU = Debug|Any CPU
		Release|Any CPU = Release|Any CPU
	EndGlobalSection
	GlobalSection(ProjectConfigurationPlatforms) = postSolution
		{220CB40D-A38C-4394-AA31-A33AEEB61CF5}.Debug|Any CPU.ActiveCfg = Debug|Any CPU
		{220CB40D-A38C-4394-AA31-A33AEEB61CF5}.Debug|Any CPU.Build.0 = Debug|Any CPU
		{220CB40D-A38C-4394-AA31-A33AEEB61CF5}.Release|Any CPU.ActiveCfg = Release|Any CPU
		{220CB40D-A38C-4394-AA31-A33AEEB61CF5}.Release|Any CPU.Build.0 = Release|Any CPU
	EndGlobalSection
	GlobalSection(SolutionProperties) = preSolution
		HideSolutionNode = FALSE
	EndGlobalSection
	GlobalSection(ExtensibilityGlobals) = postSolution
		SolutionGuid = {E18E0498-A1BA-42B2-834D-BE8B3EC9281E}
	EndGlobalSection
EndGlobal
